{
  "name": "versionless-control",
  "lockfileVersion": 3,
  "requires": true,
  "packages": {
    "": {
      "name": "versionless-control",
      "workspaces": [
        "packages/*"
      ]
    },
    "node_modules/@probe/app": {
      "resolved": "packages/app",
      "link": true
    },
    "node_modules/@probe/shared": {
      "resolved": "packages/shared",
      "link": true
    },
    "packages/app": {
      "name": "@probe/app",
      "dependencies": {
        "@probe/shared": "*"
      }
    },
    "packages/shared": {
      "name": "@probe/shared"
    }
  }
}
