{
  "name": "native-oxide-build-toolchain",
  "lockfileVersion": 3,
  "requires": true,
  "packages": {
    "": {
      "name": "native-oxide-build-toolchain",
      "dependencies": {
        "emnapi": "1.11.1"
      }
    },
    "node_modules/emnapi": {
      "version": "1.11.1",
      "resolved": "https://registry.npmjs.org/emnapi/-/emnapi-1.11.1.tgz",
      "integrity": "sha512-kSRjhIcxjMFsBqk7ORvoc9aA5SBKDmecrtF5RMcmOTao0kD/zamaxsuTxMI8C1//wGUuvE7a+19pCE7AEhGVnA==",
      "license": "MIT",
      "peerDependencies": {
        "node-addon-api": ">= 6.1.0"
      },
      "peerDependenciesMeta": {
        "node-addon-api": {
          "optional": true
        }
      }
    }
  }
}
